<?xml version="1.0" encoding="utf-8"?>
<Project ToolsVersion="4.0" xmlns="http://schemas.microsoft.com/developer/msbuild/2003">
  <ItemGroup>
    <Filter Include="Source Files">
      <UniqueIdentifier>{4FC737F1-C7A5-4376-A066-2A32D752A2FF}</UniqueIdentifier>
      <Extensions>cpp;c;cc;cxx;def;odl;idl;hpj;bat;asm;asmx</Extensions>
    </Filter>
    <Filter Include="Header Files">
      <UniqueIdentifier>{93995380-89BD-4b04-88EB-625FBE52EBFB}</UniqueIdentifier>
      <Extensions>h;hh;hpp;hxx;hm;inl;inc;ipp;xsd</Extensions>
    </Filter>
    <Filter Include="Resource Files">
      <UniqueIdentifier>{67DA6AB6-F800-4c08-8B7A-83BB121AAD01}</UniqueIdentifier>
      <Extensions>rc;ico;cur;bmp;dlg;rc2;rct;bin;rgs;gif;jpg;jpeg;jpe;resx;tiff;tif;png;wav;mfcribbon-ms</Extensions>
    </Filter>
    <Filter Include="Commands">
      <UniqueIdentifier>{91660590-ef6a-4b56-aa51-b5709c533207}</UniqueIdentifier>
    </Filter>
    <Filter Include="Commands\Header Files">
      <UniqueIdentifier>{0cf7c095-2406-4b7a-ae1b-95808e4d23c7}</UniqueIdentifier>
    </Filter>
    <Filter Include="Commands\Source Files">
      <UniqueIdentifier>{eb65fbe9-c560-4dc0-a4ca-82dbb96e7dc5}</UniqueIdentifier>
    </Filter>
  </ItemGroup>
  <ItemGroup>
    <ClCompile Include="game_controller.cpp">
      <Filter>Source Files</Filter>
    </ClCompile>
    <ClCompile Include="factory_offer.cpp">
      <Filter>Commands\Source Files</Filter>
    </ClCompile>
    <ClCompile Include="command.cpp">
      <Filter>Commands\Source Files</Filter>
    </ClCompile>
    <ClCompile Include="center_offer.cpp">
      <Filter>Commands\Source Files</Filter>
    </ClCompile>
    <ClCompile Include="init_round.cpp">
      <Filter>Commands\Source Files</Filter>
    </ClCompile>
    <ClCompile Include="tile_wall.cpp">
      <Filter>Commands\Source Files</Filter>
    </ClCompile>
    <ClCompile Include="tally_floor.cpp">
      <Filter>Commands\Source Files</Filter>
    </ClCompile>
    <ClCompile Include="final_score.cpp">
      <Filter>Commands\Source Files</Filter>
    </ClCompile>
  </ItemGroup>
  <ItemGroup>
    <ClInclude Include="game_controller.h">
      <Filter>Header Files</Filter>
    </ClInclude>
    <ClInclude Include="command.h">
      <Filter>Commands\Header Files</Filter>
    </ClInclude>
    <ClInclude Include="factory_offer.h">
      <Filter>Commands\Header Files</Filter>
    </ClInclude>
    <ClInclude Include="center_offer.h">
      <Filter>Commands\Header Files</Filter>
    </ClInclude>
    <ClInclude Include="init_round.h">
      <Filter>Commands\Header Files</Filter>
    </ClInclude>
    <ClInclude Include="tile_wall.h">
      <Filter>Commands\Header Files</Filter>
    </ClInclude>
    <ClInclude Include="tally_floor.h">
      <Filter>Commands\Header Files</Filter>
    </ClInclude>
    <ClInclude Include="final_score.h">
      <Filter>Commands\Header Files</Filter>
    </ClInclude>
  </ItemGroup>
</Project>